// !$*UTF8*$!
{
	archiveVersion = 1;
	classes = {
	};
	objectVersion = 56;
	objects = {

/* Begin PBXBuildFile section */
		29197BE52B7FE91600B05C47 /* SavedSessionViewModel.swift in Sources */ = {isa = PBXBuildFile; fileRef = 29197BE42B7FE91600B05C47 /* SavedSessionViewModel.swift */; };
		29197BE72B7FEC9900B05C47 /* SavedSession.swift in Sources */ = {isa = PBXBuildFile; fileRef = 29197BE62B7FEC9900B05C47 /* SavedSession.swift */; };
		29197BEA2B80050B00B05C47 /* ArchivedSessionsListView.swift in Sources */ = {isa = PBXBuildFile; fileRef = 29197BE92B80050B00B05C47 /* ArchivedSessionsListView.swift */; };
		291B50A62B876CCA00A040BB /* AnimTabBar.swift in Sources */ = {isa = PBXBuildFile; fileRef = 291B50A52B876CCA00A040BB /* AnimTabBar.swift */; };
		291B50A82B876D1B00A040BB /* TabEnum.swift in Sources */ = {isa = PBXBuildFile; fileRef = 291B50A72B876D1B00A040BB /* TabEnum.swift */; };
		291B50AA2B876D8B00A040BB /* MaterialEffect.swift in Sources */ = {isa = PBXBuildFile; fileRef = 291B50A92B876D8B00A040BB /* MaterialEffect.swift */; };
		291B50AC2B876DB500A040BB /* BottomCurve.swift in Sources */ = {isa = PBXBuildFile; fileRef = 291B50AB2B876DB500A040BB /* BottomCurve.swift */; };
		2933C69F2B825A23008D8182 /* AllPathsEnum.swift in Sources */ = {isa = PBXBuildFile; fileRef = 2933C69E2B825A23008D8182 /* AllPathsEnum.swift */; };
		294F0E502B643E9C00764790 /* DateTodayView.swift in Sources */ = {isa = PBXBuildFile; fileRef = 294F0E4F2B643E9C00764790 /* DateTodayView.swift */; };
		294F0E562B6588EB00764790 /* ApiCashQuoteItemView.swift in Sources */ = {isa = PBXBuildFile; fileRef = 294F0E552B6588EB00764790 /* ApiCashQuoteItemView.swift */; };
		295E6EB12B61565500C3B4D4 /* OneFQItemView.swift in Sources */ = {isa = PBXBuildFile; fileRef = 295E6EB02B61565500C3B4D4 /* OneFQItemView.swift */; };
		295E6EB32B61BCA200C3B4D4 /* ShowFavListBTN.swift in Sources */ = {isa = PBXBuildFile; fileRef = 295E6EB22B61BCA200C3B4D4 /* ShowFavListBTN.swift */; };
		2965E5692BA23C2D0026256B /* LoginAnimation.swift in Sources */ = {isa = PBXBuildFile; fileRef = 2965E5682BA23C2D0026256B /* LoginAnimation.swift */; };
		2965E56B2BA23F1A0026256B /* LoginAnimTEST.swift in Sources */ = {isa = PBXBuildFile; fileRef = 2965E56A2BA23F1A0026256B /* LoginAnimTEST.swift */; };
		2978ACD52B7EBAFA0090C12D /* CardSheetBlank.swift in Sources */ = {isa = PBXBuildFile; fileRef = 2978ACD42B7EBAFA0090C12D /* CardSheetBlank.swift */; };
		298A450A2B7D4858006F8A77 /* SuiteEnum.swift in Sources */ = {isa = PBXBuildFile; fileRef = 298A45092B7D4858006F8A77 /* SuiteEnum.swift */; };
		298A450C2B7D4875006F8A77 /* TarotCard.swift in Sources */ = {isa = PBXBuildFile; fileRef = 298A450B2B7D4875006F8A77 /* TarotCard.swift */; };
		298A450E2B7D48A6006F8A77 /* TarotCardsRepo.swift in Sources */ = {isa = PBXBuildFile; fileRef = 298A450D2B7D48A6006F8A77 /* TarotCardsRepo.swift */; };
		298A45102B7D4933006F8A77 /* Repo_TestView.swift in Sources */ = {isa = PBXBuildFile; fileRef = 298A450F2B7D4933006F8A77 /* Repo_TestView.swift */; };
		298A45152B7D4BC7006F8A77 /* CardModel.xcdatamodeld in Sources */ = {isa = PBXBuildFile; fileRef = 298A45132B7D4BC7006F8A77 /* CardModel.xcdatamodeld */; };
		298A45172B7D4D0B006F8A77 /* DBManager.swift in Sources */ = {isa = PBXBuildFile; fileRef = 298A45162B7D4D0B006F8A77 /* DBManager.swift */; };
		298A451E2B7D536F006F8A77 /* CardFrontTurn.swift in Sources */ = {isa = PBXBuildFile; fileRef = 298A451D2B7D536F006F8A77 /* CardFrontTurn.swift */; };
		298A45202B7D53C5006F8A77 /* CardBackTurn.swift in Sources */ = {isa = PBXBuildFile; fileRef = 298A451F2B7D53C5006F8A77 /* CardBackTurn.swift */; };
		298A45232B7D54C9006F8A77 /* CardFrontTestView.swift in Sources */ = {isa = PBXBuildFile; fileRef = 298A45222B7D54C9006F8A77 /* CardFrontTestView.swift */; };
		298A45262B7D5520006F8A77 /* CardBackTestView.swift in Sources */ = {isa = PBXBuildFile; fileRef = 298A45252B7D5520006F8A77 /* CardBackTestView.swift */; };
		298A45282B7D55F2006F8A77 /* CardBackTwist.swift in Sources */ = {isa = PBXBuildFile; fileRef = 298A45272B7D55F2006F8A77 /* CardBackTwist.swift */; };
		298A452A2B7D56B0006F8A77 /* CardFlipTestView.swift in Sources */ = {isa = PBXBuildFile; fileRef = 298A45292B7D56B0006F8A77 /* CardFlipTestView.swift */; };
		298A452C2B7D57FC006F8A77 /* CardViewModelCoreDB.swift in Sources */ = {isa = PBXBuildFile; fileRef = 298A452B2B7D57FC006F8A77 /* CardViewModelCoreDB.swift */; };
		298A452E2B7D5896006F8A77 /* CardSheetExplanation.swift in Sources */ = {isa = PBXBuildFile; fileRef = 298A452D2B7D5896006F8A77 /* CardSheetExplanation.swift */; };
		298A45302B7D5962006F8A77 /* SimplePathView.swift in Sources */ = {isa = PBXBuildFile; fileRef = 298A452F2B7D5962006F8A77 /* SimplePathView.swift */; };
		298A45332B7D5B12006F8A77 /* TransparentCardBTN.swift in Sources */ = {isa = PBXBuildFile; fileRef = 298A45322B7D5B12006F8A77 /* TransparentCardBTN.swift */; };
		298A45352B7D5B88006F8A77 /* ActionBTN.swift in Sources */ = {isa = PBXBuildFile; fileRef = 298A45342B7D5B88006F8A77 /* ActionBTN.swift */; };
		298A45372B7D5BD3006F8A77 /* InactiveBTN.swift in Sources */ = {isa = PBXBuildFile; fileRef = 298A45362B7D5BD3006F8A77 /* InactiveBTN.swift */; };
		298A453C2B7D6D6B006F8A77 /* AllPathsTopView.swift in Sources */ = {isa = PBXBuildFile; fileRef = 298A453B2B7D6D6B006F8A77 /* AllPathsTopView.swift */; };
		298A453F2B7D6F4D006F8A77 /* NavigationBTN.swift in Sources */ = {isa = PBXBuildFile; fileRef = 298A453E2B7D6F4D006F8A77 /* NavigationBTN.swift */; };
		298A45412B7D70FE006F8A77 /* CardOfTheDayBTN.swift in Sources */ = {isa = PBXBuildFile; fileRef = 298A45402B7D70FE006F8A77 /* CardOfTheDayBTN.swift */; };
		298A45462B7D7E20006F8A77 /* LittleCrossView.swift in Sources */ = {isa = PBXBuildFile; fileRef = 298A45452B7D7E20006F8A77 /* LittleCrossView.swift */; };
		298F611E2B81408E00B5D4D7 /* SimplePathArchiveView.swift in Sources */ = {isa = PBXBuildFile; fileRef = 298F611D2B81408E00B5D4D7 /* SimplePathArchiveView.swift */; };
		298F61202B81548B00B5D4D7 /* ArchivedSessionView.swift in Sources */ = {isa = PBXBuildFile; fileRef = 298F611F2B81548B00B5D4D7 /* ArchivedSessionView.swift */; };
		29A6DD5F2B7E26A400F6F06C /* TarotSchoolTopView.swift in Sources */ = {isa = PBXBuildFile; fileRef = 29A6DD5E2B7E26A400F6F06C /* TarotSchoolTopView.swift */; };
		29A6DD642B7E391F00F6F06C /* GreatPathView.swift in Sources */ = {isa = PBXBuildFile; fileRef = 29A6DD632B7E391F00F6F06C /* GreatPathView.swift */; };
		29A6DD672B7E48B400F6F06C /* ArcanaTabsEnum.swift in Sources */ = {isa = PBXBuildFile; fileRef = 29A6DD662B7E48B400F6F06C /* ArcanaTabsEnum.swift */; };
		29A6DD6A2B7E4A0F00F6F06C /* MajorView.swift in Sources */ = {isa = PBXBuildFile; fileRef = 29A6DD692B7E4A0F00F6F06C /* MajorView.swift */; };
		29A6DD6C2B7E4A1E00F6F06C /* CupsView.swift in Sources */ = {isa = PBXBuildFile; fileRef = 29A6DD6B2B7E4A1E00F6F06C /* CupsView.swift */; };
		29A6DD6E2B7E4A4A00F6F06C /* WandsView.swift in Sources */ = {isa = PBXBuildFile; fileRef = 29A6DD6D2B7E4A4A00F6F06C /* WandsView.swift */; };
		29A6DD702B7E4A7600F6F06C /* CoinsView.swift in Sources */ = {isa = PBXBuildFile; fileRef = 29A6DD6F2B7E4A7600F6F06C /* CoinsView.swift */; };
		29A6DD722B7E4A9300F6F06C /* SwordsView.swift in Sources */ = {isa = PBXBuildFile; fileRef = 29A6DD712B7E4A9300F6F06C /* SwordsView.swift */; };
		29A6DD7A2B7EA29300F6F06C /* LoveOracleView.swift in Sources */ = {isa = PBXBuildFile; fileRef = 29A6DD792B7EA29300F6F06C /* LoveOracleView.swift */; };
		29A6DD7D2B7EA69A00F6F06C /* ReadingDefaultBTN.swift in Sources */ = {isa = PBXBuildFile; fileRef = 29A6DD7C2B7EA69A00F6F06C /* ReadingDefaultBTN.swift */; };
		29C46C052B5FFFB500881C4E /* SpiritualTarotApp.swift in Sources */ = {isa = PBXBuildFile; fileRef = 29C46C042B5FFFB500881C4E /* SpiritualTarotApp.swift */; };
		29C46C092B5FFFB700881C4E /* Assets.xcassets in Resources */ = {isa = PBXBuildFile; fileRef = 29C46C082B5FFFB700881C4E /* Assets.xcassets */; };
		29C46C0C2B5FFFB700881C4E /* Preview Assets.xcassets in Resources */ = {isa = PBXBuildFile; fileRef = 29C46C0B2B5FFFB700881C4E /* Preview Assets.xcassets */; };
		29C46C172B60013900881C4E /* Tab.swift in Sources */ = {isa = PBXBuildFile; fileRef = 29C46C162B60013900881C4E /* Tab.swift */; };
		29C46C1D2B6003ED00881C4E /* QuoteTopView.swift in Sources */ = {isa = PBXBuildFile; fileRef = 29C46C1C2B6003ED00881C4E /* QuoteTopView.swift */; };
		29C46C232B60046F00881C4E /* TarotTopView.swift in Sources */ = {isa = PBXBuildFile; fileRef = 29C46C222B60046F00881C4E /* TarotTopView.swift */; };
		29C46C252B60053300881C4E /* NavigatorView.swift in Sources */ = {isa = PBXBuildFile; fileRef = 29C46C242B60053300881C4E /* NavigatorView.swift */; };
		29C46C2C2B6007A400881C4E /* FireUser.swift in Sources */ = {isa = PBXBuildFile; fileRef = 29C46C2B2B6007A400881C4E /* FireUser.swift */; };
		29C46C2F2B600AF600881C4E /* TextButton.swift in Sources */ = {isa = PBXBuildFile; fileRef = 29C46C2E2B600AF600881C4E /* TextButton.swift */; };
		29C46C312B600B6300881C4E /* PrimaryButton.swift in Sources */ = {isa = PBXBuildFile; fileRef = 29C46C302B600B6300881C4E /* PrimaryButton.swift */; };
		29C46C332B6010DA00881C4E /* GoogleService-Info.plist in Resources */ = {isa = PBXBuildFile; fileRef = 29C46C322B6010D900881C4E /* GoogleService-Info.plist */; };
		29C46C362B6011F500881C4E /* FirebaseAnalytics in Frameworks */ = {isa = PBXBuildFile; productRef = 29C46C352B6011F500881C4E /* FirebaseAnalytics */; };
		29C46C382B6011F500881C4E /* FirebaseAnalyticsOnDeviceConversion in Frameworks */ = {isa = PBXBuildFile; productRef = 29C46C372B6011F500881C4E /* FirebaseAnalyticsOnDeviceConversion */; };
		29C46C3A2B6011F500881C4E /* FirebaseAnalyticsSwift in Frameworks */ = {isa = PBXBuildFile; productRef = 29C46C392B6011F500881C4E /* FirebaseAnalyticsSwift */; };
		29C46C3C2B6011F500881C4E /* FirebaseAnalyticsWithoutAdIdSupport in Frameworks */ = {isa = PBXBuildFile; productRef = 29C46C3B2B6011F500881C4E /* FirebaseAnalyticsWithoutAdIdSupport */; };
		29C46C3E2B6011F500881C4E /* FirebaseAppCheck in Frameworks */ = {isa = PBXBuildFile; productRef = 29C46C3D2B6011F500881C4E /* FirebaseAppCheck */; };
		29C46C402B6011F500881C4E /* FirebaseAppDistribution-Beta in Frameworks */ = {isa = PBXBuildFile; productRef = 29C46C3F2B6011F500881C4E /* FirebaseAppDistribution-Beta */; };
		29C46C422B6011F500881C4E /* FirebaseAuth in Frameworks */ = {isa = PBXBuildFile; productRef = 29C46C412B6011F500881C4E /* FirebaseAuth */; };
		29C46C442B6011F500881C4E /* FirebaseAuthCombine-Community in Frameworks */ = {isa = PBXBuildFile; productRef = 29C46C432B6011F500881C4E /* FirebaseAuthCombine-Community */; };
		29C46C462B6011F500881C4E /* FirebaseCrashlytics in Frameworks */ = {isa = PBXBuildFile; productRef = 29C46C452B6011F500881C4E /* FirebaseCrashlytics */; };
		29C46C482B6011F500881C4E /* FirebaseDatabase in Frameworks */ = {isa = PBXBuildFile; productRef = 29C46C472B6011F500881C4E /* FirebaseDatabase */; };
		29C46C4A2B6011F500881C4E /* FirebaseDatabaseSwift in Frameworks */ = {isa = PBXBuildFile; productRef = 29C46C492B6011F500881C4E /* FirebaseDatabaseSwift */; };
		29C46C4C2B6011F500881C4E /* FirebaseDynamicLinks in Frameworks */ = {isa = PBXBuildFile; productRef = 29C46C4B2B6011F500881C4E /* FirebaseDynamicLinks */; };
		29C46C4E2B6011F500881C4E /* FirebaseFirestore in Frameworks */ = {isa = PBXBuildFile; productRef = 29C46C4D2B6011F500881C4E /* FirebaseFirestore */; };
		29C46C502B6011F500881C4E /* FirebaseFirestoreCombine-Community in Frameworks */ = {isa = PBXBuildFile; productRef = 29C46C4F2B6011F500881C4E /* FirebaseFirestoreCombine-Community */; };
		29C46C522B6011F500881C4E /* FirebaseFirestoreSwift in Frameworks */ = {isa = PBXBuildFile; productRef = 29C46C512B6011F500881C4E /* FirebaseFirestoreSwift */; };
		29C46C542B6011F500881C4E /* FirebaseFunctions in Frameworks */ = {isa = PBXBuildFile; productRef = 29C46C532B6011F500881C4E /* FirebaseFunctions */; };
		29C46C562B6011F500881C4E /* FirebaseFunctionsCombine-Community in Frameworks */ = {isa = PBXBuildFile; productRef = 29C46C552B6011F500881C4E /* FirebaseFunctionsCombine-Community */; };
		29C46C582B6011F500881C4E /* FirebaseInAppMessaging-Beta in Frameworks */ = {isa = PBXBuildFile; productRef = 29C46C572B6011F500881C4E /* FirebaseInAppMessaging-Beta */; };
		29C46C5A2B6011F500881C4E /* FirebaseInAppMessagingSwift-Beta in Frameworks */ = {isa = PBXBuildFile; productRef = 29C46C592B6011F500881C4E /* FirebaseInAppMessagingSwift-Beta */; };
		29C46C5C2B6011F500881C4E /* FirebaseInstallations in Frameworks */ = {isa = PBXBuildFile; productRef = 29C46C5B2B6011F500881C4E /* FirebaseInstallations */; };
		29C46C5E2B6011F500881C4E /* FirebaseMLModelDownloader in Frameworks */ = {isa = PBXBuildFile; productRef = 29C46C5D2B6011F500881C4E /* FirebaseMLModelDownloader */; };
		29C46C602B6011F500881C4E /* FirebaseMessaging in Frameworks */ = {isa = PBXBuildFile; productRef = 29C46C5F2B6011F500881C4E /* FirebaseMessaging */; };
		29C46C622B6011F500881C4E /* FirebasePerformance in Frameworks */ = {isa = PBXBuildFile; productRef = 29C46C612B6011F500881C4E /* FirebasePerformance */; };
		29C46C642B6011F500881C4E /* FirebaseRemoteConfig in Frameworks */ = {isa = PBXBuildFile; productRef = 29C46C632B6011F500881C4E /* FirebaseRemoteConfig */; };
		29C46C662B6011F500881C4E /* FirebaseRemoteConfigSwift in Frameworks */ = {isa = PBXBuildFile; productRef = 29C46C652B6011F500881C4E /* FirebaseRemoteConfigSwift */; };
		29C46C682B6011F500881C4E /* FirebaseStorage in Frameworks */ = {isa = PBXBuildFile; productRef = 29C46C672B6011F500881C4E /* FirebaseStorage */; };
		29C46C6A2B6011F500881C4E /* FirebaseStorageCombine-Community in Frameworks */ = {isa = PBXBuildFile; productRef = 29C46C692B6011F500881C4E /* FirebaseStorageCombine-Community */; };
		29C46C6E2B601D6A00881C4E /* FirebaseManager.swift in Sources */ = {isa = PBXBuildFile; fileRef = 29C46C6D2B601D6A00881C4E /* FirebaseManager.swift */; };
		29C46C702B601E5600881C4E /* UserViewModel.swift in Sources */ = {isa = PBXBuildFile; fileRef = 29C46C6F2B601E5600881C4E /* UserViewModel.swift */; };
		29C46C732B601EDF00881C4E /* AuthenticationMode.swift in Sources */ = {isa = PBXBuildFile; fileRef = 29C46C722B601EDF00881C4E /* AuthenticationMode.swift */; };
		29C46C752B601FD100881C4E /* LogoutButtonAlert.swift in Sources */ = {isa = PBXBuildFile; fileRef = 29C46C742B601FD100881C4E /* LogoutButtonAlert.swift */; };
		29C46C772B60204A00881C4E /* AuthenticationView.swift in Sources */ = {isa = PBXBuildFile; fileRef = 29C46C762B60204A00881C4E /* AuthenticationView.swift */; };
		29C46C792B60293600881C4E /* Quote.swift in Sources */ = {isa = PBXBuildFile; fileRef = 29C46C782B60293600881C4E /* Quote.swift */; };
		29C46C7B2B60298600881C4E /* HTTPError.swift in Sources */ = {isa = PBXBuildFile; fileRef = 29C46C7A2B60298600881C4E /* HTTPError.swift */; };
		29C46C7F2B6029F200881C4E /* QuotesViewModel.swift in Sources */ = {isa = PBXBuildFile; fileRef = 29C46C7E2B6029F200881C4E /* QuotesViewModel.swift */; };
		29C46C822B60315600881C4E /* AddToFavoritesBTN.swift in Sources */ = {isa = PBXBuildFile; fileRef = 29C46C812B60315600881C4E /* AddToFavoritesBTN.swift */; };
		29C46C872B60323A00881C4E /* QuoteView.swift in Sources */ = {isa = PBXBuildFile; fileRef = 29C46C862B60323A00881C4E /* QuoteView.swift */; };
		29C46C892B60329F00881C4E /* ShowFavBTN.swift in Sources */ = {isa = PBXBuildFile; fileRef = 29C46C882B60329F00881C4E /* ShowFavBTN.swift */; };
		29C46C8D2B60344500881C4E /* AllFQsListView.swift in Sources */ = {isa = PBXBuildFile; fileRef = 29C46C8C2B60344500881C4E /* AllFQsListView.swift */; };
		29C46C8F2B604AE500881C4E /* FavoriteQuote.swift in Sources */ = {isa = PBXBuildFile; fileRef = 29C46C8E2B604AE500881C4E /* FavoriteQuote.swift */; };
		29C46C912B604C3E00881C4E /* FavoriteQuotesVM.swift in Sources */ = {isa = PBXBuildFile; fileRef = 29C46C902B604C3E00881C4E /* FavoriteQuotesVM.swift */; };
		29EC8B442B83B50300E323A2 /* LittleCrossArchiveView.swift in Sources */ = {isa = PBXBuildFile; fileRef = 29EC8B432B83B50300E323A2 /* LittleCrossArchiveView.swift */; };
		29EC8B462B83D68A00E323A2 /* LoveOracleArchiveView.swift in Sources */ = {isa = PBXBuildFile; fileRef = 29EC8B452B83D68A00E323A2 /* LoveOracleArchiveView.swift */; };
		29EC8B482B83DEBA00E323A2 /* GreatPathArchiveView.swift in Sources */ = {isa = PBXBuildFile; fileRef = 29EC8B472B83DEBA00E323A2 /* GreatPathArchiveView.swift */; };
/* End PBXBuildFile section */

/* Begin PBXFileReference section */
		29197BE42B7FE91600B05C47 /* SavedSessionViewModel.swift */ = {isa = PBXFileReference; lastKnownFileType = sourcecode.swift; path = SavedSessionViewModel.swift; sourceTree = "<group>"; };
		29197BE62B7FEC9900B05C47 /* SavedSession.swift */ = {isa = PBXFileReference; lastKnownFileType = sourcecode.swift; path = SavedSession.swift; sourceTree = "<group>"; };
		29197BE92B80050B00B05C47 /* ArchivedSessionsListView.swift */ = {isa = PBXFileReference; lastKnownFileType = sourcecode.swift; path = ArchivedSessionsListView.swift; sourceTree = "<group>"; };
		291B50A52B876CCA00A040BB /* AnimTabBar.swift */ = {isa = PBXFileReference; lastKnownFileType = sourcecode.swift; path = AnimTabBar.swift; sourceTree = "<group>"; };
		291B50A72B876D1B00A040BB /* TabEnum.swift */ = {isa = PBXFileReference; lastKnownFileType = sourcecode.swift; path = TabEnum.swift; sourceTree = "<group>"; };
		291B50A92B876D8B00A040BB /* MaterialEffect.swift */ = {isa = PBXFileReference; lastKnownFileType = sourcecode.swift; path = MaterialEffect.swift; sourceTree = "<group>"; };
		291B50AB2B876DB500A040BB /* BottomCurve.swift */ = {isa = PBXFileReference; lastKnownFileType = sourcecode.swift; path = BottomCurve.swift; sourceTree = "<group>"; };
		2933C69E2B825A23008D8182 /* AllPathsEnum.swift */ = {isa = PBXFileReference; lastKnownFileType = sourcecode.swift; path = AllPathsEnum.swift; sourceTree = "<group>"; };
		294F0E4F2B643E9C00764790 /* DateTodayView.swift */ = {isa = PBXFileReference; lastKnownFileType = sourcecode.swift; path = DateTodayView.swift; sourceTree = "<group>"; };
		294F0E552B6588EB00764790 /* ApiCashQuoteItemView.swift */ = {isa = PBXFileReference; lastKnownFileType = sourcecode.swift; path = ApiCashQuoteItemView.swift; sourceTree = "<group>"; };
		295E6EB02B61565500C3B4D4 /* OneFQItemView.swift */ = {isa = PBXFileReference; lastKnownFileType = sourcecode.swift; path = OneFQItemView.swift; sourceTree = "<group>"; };
		295E6EB22B61BCA200C3B4D4 /* ShowFavListBTN.swift */ = {isa = PBXFileReference; lastKnownFileType = sourcecode.swift; path = ShowFavListBTN.swift; sourceTree = "<group>"; };
		2965E5682BA23C2D0026256B /* LoginAnimation.swift */ = {isa = PBXFileReference; lastKnownFileType = sourcecode.swift; path = LoginAnimation.swift; sourceTree = "<group>"; };
		2965E56A2BA23F1A0026256B /* LoginAnimTEST.swift */ = {isa = PBXFileReference; lastKnownFileType = sourcecode.swift; path = LoginAnimTEST.swift; sourceTree = "<group>"; };
		2978ACD42B7EBAFA0090C12D /* CardSheetBlank.swift */ = {isa = PBXFileReference; lastKnownFileType = sourcecode.swift; path = CardSheetBlank.swift; sourceTree = "<group>"; };
		298A45092B7D4858006F8A77 /* SuiteEnum.swift */ = {isa = PBXFileReference; lastKnownFileType = sourcecode.swift; path = SuiteEnum.swift; sourceTree = "<group>"; };
		298A450B2B7D4875006F8A77 /* TarotCard.swift */ = {isa = PBXFileReference; lastKnownFileType = sourcecode.swift; path = TarotCard.swift; sourceTree = "<group>"; };
		298A450D2B7D48A6006F8A77 /* TarotCardsRepo.swift */ = {isa = PBXFileReference; lastKnownFileType = sourcecode.swift; path = TarotCardsRepo.swift; sourceTree = "<group>"; };
		298A450F2B7D4933006F8A77 /* Repo_TestView.swift */ = {isa = PBXFileReference; lastKnownFileType = sourcecode.swift; path = Repo_TestView.swift; sourceTree = "<group>"; };
		298A45142B7D4BC7006F8A77 /* CardModel.xcdatamodel */ = {isa = PBXFileReference; lastKnownFileType = wrapper.xcdatamodel; path = CardModel.xcdatamodel; sourceTree = "<group>"; };
		298A45162B7D4D0B006F8A77 /* DBManager.swift */ = {isa = PBXFileReference; lastKnownFileType = sourcecode.swift; path = DBManager.swift; sourceTree = "<group>"; };
		298A451D2B7D536F006F8A77 /* CardFrontTurn.swift */ = {isa = PBXFileReference; lastKnownFileType = sourcecode.swift; path = CardFrontTurn.swift; sourceTree = "<group>"; };
		298A451F2B7D53C5006F8A77 /* CardBackTurn.swift */ = {isa = PBXFileReference; lastKnownFileType = sourcecode.swift; path = CardBackTurn.swift; sourceTree = "<group>"; };
		298A45222B7D54C9006F8A77 /* CardFrontTestView.swift */ = {isa = PBXFileReference; lastKnownFileType = sourcecode.swift; path = CardFrontTestView.swift; sourceTree = "<group>"; };
		298A45252B7D5520006F8A77 /* CardBackTestView.swift */ = {isa = PBXFileReference; lastKnownFileType = sourcecode.swift; path = CardBackTestView.swift; sourceTree = "<group>"; };
		298A45272B7D55F2006F8A77 /* CardBackTwist.swift */ = {isa = PBXFileReference; lastKnownFileType = sourcecode.swift; path = CardBackTwist.swift; sourceTree = "<group>"; };
		298A45292B7D56B0006F8A77 /* CardFlipTestView.swift */ = {isa = PBXFileReference; lastKnownFileType = sourcecode.swift; path = CardFlipTestView.swift; sourceTree = "<group>"; };
		298A452B2B7D57FC006F8A77 /* CardViewModelCoreDB.swift */ = {isa = PBXFileReference; lastKnownFileType = sourcecode.swift; path = CardViewModelCoreDB.swift; sourceTree = "<group>"; };
		298A452D2B7D5896006F8A77 /* CardSheetExplanation.swift */ = {isa = PBXFileReference; lastKnownFileType = sourcecode.swift; path = CardSheetExplanation.swift; sourceTree = "<group>"; };
		298A452F2B7D5962006F8A77 /* SimplePathView.swift */ = {isa = PBXFileReference; lastKnownFileType = sourcecode.swift; path = SimplePathView.swift; sourceTree = "<group>"; };
		298A45322B7D5B12006F8A77 /* TransparentCardBTN.swift */ = {isa = PBXFileReference; lastKnownFileType = sourcecode.swift; path = TransparentCardBTN.swift; sourceTree = "<group>"; };
		298A45342B7D5B88006F8A77 /* ActionBTN.swift */ = {isa = PBXFileReference; lastKnownFileType = sourcecode.swift; path = ActionBTN.swift; sourceTree = "<group>"; };
		298A45362B7D5BD3006F8A77 /* InactiveBTN.swift */ = {isa = PBXFileReference; lastKnownFileType = sourcecode.swift; path = InactiveBTN.swift; sourceTree = "<group>"; };
		298A453B2B7D6D6B006F8A77 /* AllPathsTopView.swift */ = {isa = PBXFileReference; lastKnownFileType = sourcecode.swift; path = AllPathsTopView.swift; sourceTree = "<group>"; };
		298A453E2B7D6F4D006F8A77 /* NavigationBTN.swift */ = {isa = PBXFileReference; lastKnownFileType = sourcecode.swift; path = NavigationBTN.swift; sourceTree = "<group>"; };
		298A45402B7D70FE006F8A77 /* CardOfTheDayBTN.swift */ = {isa = PBXFileReference; lastKnownFileType = sourcecode.swift; path = CardOfTheDayBTN.swift; sourceTree = "<group>"; };
		298A45452B7D7E20006F8A77 /* LittleCrossView.swift */ = {isa = PBXFileReference; lastKnownFileType = sourcecode.swift; path = LittleCrossView.swift; sourceTree = "<group>"; };
		298F611D2B81408E00B5D4D7 /* SimplePathArchiveView.swift */ = {isa = PBXFileReference; lastKnownFileType = sourcecode.swift; path = SimplePathArchiveView.swift; sourceTree = "<group>"; };
		298F611F2B81548B00B5D4D7 /* ArchivedSessionView.swift */ = {isa = PBXFileReference; lastKnownFileType = sourcecode.swift; path = ArchivedSessionView.swift; sourceTree = "<group>"; };
		29A6DD5E2B7E26A400F6F06C /* TarotSchoolTopView.swift */ = {isa = PBXFileReference; lastKnownFileType = sourcecode.swift; path = TarotSchoolTopView.swift; sourceTree = "<group>"; };
		29A6DD632B7E391F00F6F06C /* GreatPathView.swift */ = {isa = PBXFileReference; lastKnownFileType = sourcecode.swift; path = GreatPathView.swift; sourceTree = "<group>"; };
		29A6DD662B7E48B400F6F06C /* ArcanaTabsEnum.swift */ = {isa = PBXFileReference; lastKnownFileType = sourcecode.swift; path = ArcanaTabsEnum.swift; sourceTree = "<group>"; };
		29A6DD692B7E4A0F00F6F06C /* MajorView.swift */ = {isa = PBXFileReference; lastKnownFileType = sourcecode.swift; path = MajorView.swift; sourceTree = "<group>"; };
		29A6DD6B2B7E4A1E00F6F06C /* CupsView.swift */ = {isa = PBXFileReference; lastKnownFileType = sourcecode.swift; path = CupsView.swift; sourceTree = "<group>"; };
		29A6DD6D2B7E4A4A00F6F06C /* WandsView.swift */ = {isa = PBXFileReference; lastKnownFileType = sourcecode.swift; path = WandsView.swift; sourceTree = "<group>"; };
		29A6DD6F2B7E4A7600F6F06C /* CoinsView.swift */ = {isa = PBXFileReference; lastKnownFileType = sourcecode.swift; path = CoinsView.swift; sourceTree = "<group>"; };
		29A6DD712B7E4A9300F6F06C /* SwordsView.swift */ = {isa = PBXFileReference; lastKnownFileType = sourcecode.swift; path = SwordsView.swift; sourceTree = "<group>"; };
		29A6DD792B7EA29300F6F06C /* LoveOracleView.swift */ = {isa = PBXFileReference; lastKnownFileType = sourcecode.swift; path = LoveOracleView.swift; sourceTree = "<group>"; };
		29A6DD7C2B7EA69A00F6F06C /* ReadingDefaultBTN.swift */ = {isa = PBXFileReference; lastKnownFileType = sourcecode.swift; path = ReadingDefaultBTN.swift; sourceTree = "<group>"; };
		29C46C012B5FFFB500881C4E /* SpiritualTarot.app */ = {isa = PBXFileReference; explicitFileType = wrapper.application; includeInIndex = 0; path = SpiritualTarot.app; sourceTree = BUILT_PRODUCTS_DIR; };
		29C46C042B5FFFB500881C4E /* SpiritualTarotApp.swift */ = {isa = PBXFileReference; lastKnownFileType = sourcecode.swift; path = SpiritualTarotApp.swift; sourceTree = "<group>"; };
		29C46C082B5FFFB700881C4E /* Assets.xcassets */ = {isa = PBXFileReference; lastKnownFileType = folder.assetcatalog; path = Assets.xcassets; sourceTree = "<group>"; };
		29C46C0B2B5FFFB700881C4E /* Preview Assets.xcassets */ = {isa = PBXFileReference; lastKnownFileType = folder.assetcatalog; path = "Preview Assets.xcassets"; sourceTree = "<group>"; };
		29C46C162B60013900881C4E /* Tab.swift */ = {isa = PBXFileReference; lastKnownFileType = sourcecode.swift; path = Tab.swift; sourceTree = "<group>"; };
		29C46C1C2B6003ED00881C4E /* QuoteTopView.swift */ = {isa = PBXFileReference; lastKnownFileType = sourcecode.swift; path = QuoteTopView.swift; sourceTree = "<group>"; };
		29C46C222B60046F00881C4E /* TarotTopView.swift */ = {isa = PBXFileReference; lastKnownFileType = sourcecode.swift; path = TarotTopView.swift; sourceTree = "<group>"; };
		29C46C242B60053300881C4E /* NavigatorView.swift */ = {isa = PBXFileReference; lastKnownFileType = sourcecode.swift; path = NavigatorView.swift; sourceTree = "<group>"; };
		29C46C2B2B6007A400881C4E /* FireUser.swift */ = {isa = PBXFileReference; lastKnownFileType = sourcecode.swift; path = FireUser.swift; sourceTree = "<group>"; };
		29C46C2E2B600AF600881C4E /* TextButton.swift */ = {isa = PBXFileReference; lastKnownFileType = sourcecode.swift; path = TextButton.swift; sourceTree = "<group>"; };
		29C46C302B600B6300881C4E /* PrimaryButton.swift */ = {isa = PBXFileReference; lastKnownFileType = sourcecode.swift; path = PrimaryButton.swift; sourceTree = "<group>"; };
		29C46C322B6010D900881C4E /* GoogleService-Info.plist */ = {isa = PBXFileReference; fileEncoding = 4; lastKnownFileType = text.plist.xml; path = "GoogleService-Info.plist"; sourceTree = "<group>"; };
		29C46C6D2B601D6A00881C4E /* FirebaseManager.swift */ = {isa = PBXFileReference; lastKnownFileType = sourcecode.swift; path = FirebaseManager.swift; sourceTree = "<group>"; };
		29C46C6F2B601E5600881C4E /* UserViewModel.swift */ = {isa = PBXFileReference; lastKnownFileType = sourcecode.swift; path = UserViewModel.swift; sourceTree = "<group>"; };
		29C46C722B601EDF00881C4E /* AuthenticationMode.swift */ = {isa = PBXFileReference; lastKnownFileType = sourcecode.swift; path = AuthenticationMode.swift; sourceTree = "<group>"; };
		29C46C742B601FD100881C4E /* LogoutButtonAlert.swift */ = {isa = PBXFileReference; lastKnownFileType = sourcecode.swift; path = LogoutButtonAlert.swift; sourceTree = "<group>"; };
		29C46C762B60204A00881C4E /* AuthenticationView.swift */ = {isa = PBXFileReference; lastKnownFileType = sourcecode.swift; path = AuthenticationView.swift; sourceTree = "<group>"; };
		29C46C782B60293600881C4E /* Quote.swift */ = {isa = PBXFileReference; lastKnownFileType = sourcecode.swift; path = Quote.swift; sourceTree = "<group>"; };
		29C46C7A2B60298600881C4E /* HTTPError.swift */ = {isa = PBXFileReference; lastKnownFileType = sourcecode.swift; path = HTTPError.swift; sourceTree = "<group>"; };
		29C46C7E2B6029F200881C4E /* QuotesViewModel.swift */ = {isa = PBXFileReference; lastKnownFileType = sourcecode.swift; path = QuotesViewModel.swift; sourceTree = "<group>"; };
		29C46C812B60315600881C4E /* AddToFavoritesBTN.swift */ = {isa = PBXFileReference; lastKnownFileType = sourcecode.swift; path = AddToFavoritesBTN.swift; sourceTree = "<group>"; };
		29C46C862B60323A00881C4E /* QuoteView.swift */ = {isa = PBXFileReference; lastKnownFileType = sourcecode.swift; path = QuoteView.swift; sourceTree = "<group>"; };
		29C46C882B60329F00881C4E /* ShowFavBTN.swift */ = {isa = PBXFileReference; lastKnownFileType = sourcecode.swift; path = ShowFavBTN.swift; sourceTree = "<group>"; };
		29C46C8C2B60344500881C4E /* AllFQsListView.swift */ = {isa = PBXFileReference; lastKnownFileType = sourcecode.swift; path = AllFQsListView.swift; sourceTree = "<group>"; };
		29C46C8E2B604AE500881C4E /* FavoriteQuote.swift */ = {isa = PBXFileReference; lastKnownFileType = sourcecode.swift; path = FavoriteQuote.swift; sourceTree = "<group>"; };
		29C46C902B604C3E00881C4E /* FavoriteQuotesVM.swift */ = {isa = PBXFileReference; lastKnownFileType = sourcecode.swift; path = FavoriteQuotesVM.swift; sourceTree = "<group>"; };
		29EC8B432B83B50300E323A2 /* LittleCrossArchiveView.swift */ = {isa = PBXFileReference; lastKnownFileType = sourcecode.swift; path = LittleCrossArchiveView.swift; sourceTree = "<group>"; };
		29EC8B452B83D68A00E323A2 /* LoveOracleArchiveView.swift */ = {isa = PBXFileReference; lastKnownFileType = sourcecode.swift; path = LoveOracleArchiveView.swift; sourceTree = "<group>"; };
		29EC8B472B83DEBA00E323A2 /* GreatPathArchiveView.swift */ = {isa = PBXFileReference; lastKnownFileType = sourcecode.swift; path = GreatPathArchiveView.swift; sourceTree = "<group>"; };
/* End PBXFileReference section */

/* Begin PBXFrameworksBuildPhase section */
		29C46BFE2B5FFFB500881C4E /* Frameworks */ = {
			isa = PBXFrameworksBuildPhase;
			buildActionMask = 2147483647;
			files = (
				29C46C482B6011F500881C4E /* FirebaseDatabase in Frameworks */,
				29C46C562B6011F500881C4E /* FirebaseFunctionsCombine-Community in Frameworks */,
				29C46C4E2B6011F500881C4E /* FirebaseFirestore in Frameworks */,
				29C46C3A2B6011F500881C4E /* FirebaseAnalyticsSwift in Frameworks */,
				29C46C362B6011F500881C4E /* FirebaseAnalytics in Frameworks */,
				29C46C382B6011F500881C4E /* FirebaseAnalyticsOnDeviceConversion in Frameworks */,
				29C46C5E2B6011F500881C4E /* FirebaseMLModelDownloader in Frameworks */,
				29C46C522B6011F500881C4E /* FirebaseFirestoreSwift in Frameworks */,
				29C46C3E2B6011F500881C4E /* FirebaseAppCheck in Frameworks */,
				29C46C3C2B6011F500881C4E /* FirebaseAnalyticsWithoutAdIdSupport in Frameworks */,
				29C46C422B6011F500881C4E /* FirebaseAuth in Frameworks */,
				29C46C462B6011F500881C4E /* FirebaseCrashlytics in Frameworks */,
				29C46C662B6011F500881C4E /* FirebaseRemoteConfigSwift in Frameworks */,
				29C46C582B6011F500881C4E /* FirebaseInAppMessaging-Beta in Frameworks */,
				29C46C4A2B6011F500881C4E /* FirebaseDatabaseSwift in Frameworks */,
				29C46C542B6011F500881C4E /* FirebaseFunctions in Frameworks */,
				29C46C6A2B6011F500881C4E /* FirebaseStorageCombine-Community in Frameworks */,
				29C46C642B6011F500881C4E /* FirebaseRemoteConfig in Frameworks */,
				29C46C402B6011F500881C4E /* FirebaseAppDistribution-Beta in Frameworks */,
				29C46C442B6011F500881C4E /* FirebaseAuthCombine-Community in Frameworks */,
				29C46C622B6011F500881C4E /* FirebasePerformance in Frameworks */,
				29C46C5A2B6011F500881C4E /* FirebaseInAppMessagingSwift-Beta in Frameworks */,
				29C46C682B6011F500881C4E /* FirebaseStorage in Frameworks */,
				29C46C4C2B6011F500881C4E /* FirebaseDynamicLinks in Frameworks */,
				29C46C502B6011F500881C4E /* FirebaseFirestoreCombine-Community in Frameworks */,
				29C46C602B6011F500881C4E /* FirebaseMessaging in Frameworks */,
				29C46C5C2B6011F500881C4E /* FirebaseInstallations in Frameworks */,
			);
			runOnlyForDeploymentPostprocessing = 0;
		};
/* End PBXFrameworksBuildPhase section */

/* Begin PBXGroup section */
		29197BE82B8004AF00B05C47 /* SavedSessions */ = {
			isa = PBXGroup;
			children = (
				298F611C2B81404F00B5D4D7 /* ReadingArchiveViews */,
				29197BE92B80050B00B05C47 /* ArchivedSessionsListView.swift */,
				298F611F2B81548B00B5D4D7 /* ArchivedSessionView.swift */,
			);
			path = SavedSessions;
			sourceTree = "<group>";
		};
		291B50A32B876C4400A040BB /* SimpleTabBar */ = {
			isa = PBXGroup;
			children = (
				29C46C242B60053300881C4E /* NavigatorView.swift */,
				29C46C162B60013900881C4E /* Tab.swift */,
			);
			path = SimpleTabBar;
			sourceTree = "<group>";
		};
		291B50A42B876C5900A040BB /* AnimatedTabBar */ = {
			isa = PBXGroup;
			children = (
				291B50A52B876CCA00A040BB /* AnimTabBar.swift */,
				291B50A72B876D1B00A040BB /* TabEnum.swift */,
				291B50A92B876D8B00A040BB /* MaterialEffect.swift */,
				291B50AB2B876DB500A040BB /* BottomCurve.swift */,
			);
			path = AnimatedTabBar;
			sourceTree = "<group>";
		};
		2933C69D2B825A0F008D8182 /* Enums */ = {
			isa = PBXGroup;
			children = (
				2933C69E2B825A23008D8182 /* AllPathsEnum.swift */,
			);
			path = Enums;
			sourceTree = "<group>";
		};
		298A45062B7D478A006F8A77 /* ViewModels */ = {
			isa = PBXGroup;
			children = (
				29197BE42B7FE91600B05C47 /* SavedSessionViewModel.swift */,
				298A452B2B7D57FC006F8A77 /* CardViewModelCoreDB.swift */,
			);
			path = ViewModels;
			sourceTree = "<group>";
		};
		298A45072B7D4799006F8A77 /* DataModels */ = {
			isa = PBXGroup;
			children = (
				298A45092B7D4858006F8A77 /* SuiteEnum.swift */,
				298A450B2B7D4875006F8A77 /* TarotCard.swift */,
				29197BE62B7FEC9900B05C47 /* SavedSession.swift */,
			);
			path = DataModels;
			sourceTree = "<group>";
		};
		298A45082B7D4834006F8A77 /* CardsRepository */ = {
			isa = PBXGroup;
			children = (
				298A45122B7D4B88006F8A77 /* CoreData */,
				298A45112B7D4B6F006F8A77 /* HardcodedRepo */,
			);
			path = CardsRepository;
			sourceTree = "<group>";
		};
		298A45112B7D4B6F006F8A77 /* HardcodedRepo */ = {
			isa = PBXGroup;
			children = (
				298A450F2B7D4933006F8A77 /* Repo_TestView.swift */,
				298A450D2B7D48A6006F8A77 /* TarotCardsRepo.swift */,
			);
			path = HardcodedRepo;
			sourceTree = "<group>";
		};
		298A45122B7D4B88006F8A77 /* CoreData */ = {
			isa = PBXGroup;
			children = (
				298A45132B7D4BC7006F8A77 /* CardModel.xcdatamodeld */,
				298A45162B7D4D0B006F8A77 /* DBManager.swift */,
			);
			path = CoreData;
			sourceTree = "<group>";
		};
		298A45182B7D527E006F8A77 /* Components */ = {
			isa = PBXGroup;
			children = (
				298A453D2B7D6F26006F8A77 /* TopViewButtons */,
				298A45312B7D5AF2006F8A77 /* SessionButtons */,
				298A451C2B7D5331006F8A77 /* TwistingCard */,
				298A451B2B7D5326006F8A77 /* FlippingCard */,
			);
			path = Components;
			sourceTree = "<group>";
		};
		298A45192B7D529B006F8A77 /* SimplePath */ = {
			isa = PBXGroup;
			children = (
				298A452F2B7D5962006F8A77 /* SimplePathView.swift */,
			);
			path = SimplePath;
			sourceTree = "<group>";
		};
		298A451A2B7D52BF006F8A77 /* Cardinterpretation */ = {
			isa = PBXGroup;
			children = (
				298A452D2B7D5896006F8A77 /* CardSheetExplanation.swift */,
				2978ACD42B7EBAFA0090C12D /* CardSheetBlank.swift */,
			);
			path = Cardinterpretation;
			sourceTree = "<group>";
		};
		298A451B2B7D5326006F8A77 /* FlippingCard */ = {
			isa = PBXGroup;
			children = (
				298A45212B7D5498006F8A77 /* Design_Test */,
				298A451D2B7D536F006F8A77 /* CardFrontTurn.swift */,
				298A451F2B7D53C5006F8A77 /* CardBackTurn.swift */,
			);
			path = FlippingCard;
			sourceTree = "<group>";
		};
		298A451C2B7D5331006F8A77 /* TwistingCard */ = {
			isa = PBXGroup;
			children = (
				298A45272B7D55F2006F8A77 /* CardBackTwist.swift */,
			);
			path = TwistingCard;
			sourceTree = "<group>";
		};
		298A45212B7D5498006F8A77 /* Design_Test */ = {
			isa = PBXGroup;
			children = (
				298A45222B7D54C9006F8A77 /* CardFrontTestView.swift */,
				298A45252B7D5520006F8A77 /* CardBackTestView.swift */,
				298A45292B7D56B0006F8A77 /* CardFlipTestView.swift */,
			);
			path = Design_Test;
			sourceTree = "<group>";
		};
		298A45312B7D5AF2006F8A77 /* SessionButtons */ = {
			isa = PBXGroup;
			children = (
				298A45322B7D5B12006F8A77 /* TransparentCardBTN.swift */,
				298A45342B7D5B88006F8A77 /* ActionBTN.swift */,
				298A45362B7D5BD3006F8A77 /* InactiveBTN.swift */,
			);
			path = SessionButtons;
			sourceTree = "<group>";
		};
		298A453A2B7D6D58006F8A77 /* AllReadings */ = {
			isa = PBXGroup;
			children = (
				29A6DD7B2B7EA67200F6F06C /* Components */,
				29A6DD762B7EA24D00F6F06C /* LoveOracle */,
				29A6DD602B7E38CB00F6F06C /* GreatPathView */,
				298A45422B7D7DC7006F8A77 /* LittleCross */,
				298A45192B7D529B006F8A77 /* SimplePath */,
				298A453B2B7D6D6B006F8A77 /* AllPathsTopView.swift */,
			);
			path = AllReadings;
			sourceTree = "<group>";
		};
		298A453D2B7D6F26006F8A77 /* TopViewButtons */ = {
			isa = PBXGroup;
			children = (
				298A453E2B7D6F4D006F8A77 /* NavigationBTN.swift */,
				298A45402B7D70FE006F8A77 /* CardOfTheDayBTN.swift */,
			);
			path = TopViewButtons;
			sourceTree = "<group>";
		};
		298A45422B7D7DC7006F8A77 /* LittleCross */ = {
			isa = PBXGroup;
			children = (
				298A45452B7D7E20006F8A77 /* LittleCrossView.swift */,
			);
			path = LittleCross;
			sourceTree = "<group>";
		};
		298F611C2B81404F00B5D4D7 /* ReadingArchiveViews */ = {
			isa = PBXGroup;
			children = (
				298F611D2B81408E00B5D4D7 /* SimplePathArchiveView.swift */,
				29EC8B432B83B50300E323A2 /* LittleCrossArchiveView.swift */,
				29EC8B452B83D68A00E323A2 /* LoveOracleArchiveView.swift */,
				29EC8B472B83DEBA00E323A2 /* GreatPathArchiveView.swift */,
			);
			path = ReadingArchiveViews;
			sourceTree = "<group>";
		};
		29A6DD5D2B7E266900F6F06C /* TarotSchool */ = {
			isa = PBXGroup;
			children = (
				29A6DD682B7E49CA00F6F06C /* HorizArcanaViews */,
				29A6DD652B7E489300F6F06C /* SegmentedPicker */,
				29A6DD5E2B7E26A400F6F06C /* TarotSchoolTopView.swift */,
			);
			path = TarotSchool;
			sourceTree = "<group>";
		};
		29A6DD602B7E38CB00F6F06C /* GreatPathView */ = {
			isa = PBXGroup;
			children = (
				29A6DD632B7E391F00F6F06C /* GreatPathView.swift */,
			);
			path = GreatPathView;
			sourceTree = "<group>";
		};
		29A6DD652B7E489300F6F06C /* SegmentedPicker */ = {
			isa = PBXGroup;
			children = (
				29A6DD662B7E48B400F6F06C /* ArcanaTabsEnum.swift */,
			);
			path = SegmentedPicker;
			sourceTree = "<group>";
		};
		29A6DD682B7E49CA00F6F06C /* HorizArcanaViews */ = {
			isa = PBXGroup;
			children = (
				29A6DD692B7E4A0F00F6F06C /* MajorView.swift */,
				29A6DD6B2B7E4A1E00F6F06C /* CupsView.swift */,
				29A6DD6D2B7E4A4A00F6F06C /* WandsView.swift */,
				29A6DD6F2B7E4A7600F6F06C /* CoinsView.swift */,
				29A6DD712B7E4A9300F6F06C /* SwordsView.swift */,
			);
			path = HorizArcanaViews;
			sourceTree = "<group>";
		};
		29A6DD762B7EA24D00F6F06C /* LoveOracle */ = {
			isa = PBXGroup;
			children = (
				29A6DD792B7EA29300F6F06C /* LoveOracleView.swift */,
			);
			path = LoveOracle;
			sourceTree = "<group>";
		};
		29A6DD7B2B7EA67200F6F06C /* Components */ = {
			isa = PBXGroup;
			children = (
				29A6DD7C2B7EA69A00F6F06C /* ReadingDefaultBTN.swift */,
			);
			path = Components;
			sourceTree = "<group>";
		};
		29C46BF82B5FFFB500881C4E = {
			isa = PBXGroup;
			children = (
				29C46C032B5FFFB500881C4E /* SpiritualTarot */,
				29C46C022B5FFFB500881C4E /* Products */,
				29C46C6B2B60156F00881C4E /* Frameworks */,
			);
			sourceTree = "<group>";
		};
		29C46C022B5FFFB500881C4E /* Products */ = {
			isa = PBXGroup;
			children = (
				29C46C012B5FFFB500881C4E /* SpiritualTarot.app */,
			);
			name = Products;
			sourceTree = "<group>";
		};
		29C46C032B5FFFB500881C4E /* SpiritualTarot */ = {
			isa = PBXGroup;
			children = (
				29C46C322B6010D900881C4E /* GoogleService-Info.plist */,
				29C46C2A2B60075000881C4E /* Managers */,
				29C46C152B60012500881C4E /* Navigator */,
				29C46C142B6000D600881C4E /* TarotCards */,
				29C46C132B6000B700881C4E /* DailyQuotes */,
				29C46C122B6000AE00881C4E /* Login */,
				29C46C042B5FFFB500881C4E /* SpiritualTarotApp.swift */,
				29C46C082B5FFFB700881C4E /* Assets.xcassets */,
				29C46C0A2B5FFFB700881C4E /* Preview Content */,
			);
			path = SpiritualTarot;
			sourceTree = "<group>";
		};
		29C46C0A2B5FFFB700881C4E /* Preview Content */ = {
			isa = PBXGroup;
			children = (
				29C46C0B2B5FFFB700881C4E /* Preview Assets.xcassets */,
			);
			path = "Preview Content";
			sourceTree = "<group>";
		};
		29C46C122B6000AE00881C4E /* Login */ = {
			isa = PBXGroup;
			children = (
				29C46C262B6006DF00881C4E /* DataModels */,
				29C46C272B6006EB00881C4E /* Views */,
				29C46C282B6006F200881C4E /* ViewModels */,
			);
			path = Login;
			sourceTree = "<group>";
		};
		29C46C132B6000B700881C4E /* DailyQuotes */ = {
			isa = PBXGroup;
			children = (
				29C46C1A2B6002DC00881C4E /* DataModels */,
				29C46C182B6002B400881C4E /* Views */,
				29C46C192B6002BD00881C4E /* ViewModels */,
			);
			path = DailyQuotes;
			sourceTree = "<group>";
		};
		29C46C142B6000D600881C4E /* TarotCards */ = {
			isa = PBXGroup;
			children = (
				298A45082B7D4834006F8A77 /* CardsRepository */,
				298A45072B7D4799006F8A77 /* DataModels */,
				29C46C1F2B60043900881C4E /* Views */,
				298A45062B7D478A006F8A77 /* ViewModels */,
			);
			path = TarotCards;
			sourceTree = "<group>";
		};
		29C46C152B60012500881C4E /* Navigator */ = {
			isa = PBXGroup;
			children = (
				291B50A42B876C5900A040BB /* AnimatedTabBar */,
				291B50A32B876C4400A040BB /* SimpleTabBar */,
			);
			path = Navigator;
			sourceTree = "<group>";
		};
		29C46C182B6002B400881C4E /* Views */ = {
			isa = PBXGroup;
			children = (
				29C46C1C2B6003ED00881C4E /* QuoteTopView.swift */,
				29C46C842B60320200881C4E /* FavoriteQuotesView */,
				29C46C832B6031F300881C4E /* DailyQuoteView */,
				29C46C802B60312500881C4E /* Components */,
			);
			path = Views;
			sourceTree = "<group>";
		};
		29C46C192B6002BD00881C4E /* ViewModels */ = {
			isa = PBXGroup;
			children = (
				29C46C7A2B60298600881C4E /* HTTPError.swift */,
				29C46C7E2B6029F200881C4E /* QuotesViewModel.swift */,
				29C46C902B604C3E00881C4E /* FavoriteQuotesVM.swift */,
			);
			path = ViewModels;
			sourceTree = "<group>";
		};
		29C46C1A2B6002DC00881C4E /* DataModels */ = {
			isa = PBXGroup;
			children = (
				29C46C782B60293600881C4E /* Quote.swift */,
				29C46C8E2B604AE500881C4E /* FavoriteQuote.swift */,
			);
			path = DataModels;
			sourceTree = "<group>";
		};
		29C46C1F2B60043900881C4E /* Views */ = {
			isa = PBXGroup;
			children = (
				2933C69D2B825A0F008D8182 /* Enums */,
				29197BE82B8004AF00B05C47 /* SavedSessions */,
				29A6DD5D2B7E266900F6F06C /* TarotSchool */,
				298A453A2B7D6D58006F8A77 /* AllReadings */,
				298A451A2B7D52BF006F8A77 /* Cardinterpretation */,
				298A45182B7D527E006F8A77 /* Components */,
				29C46C222B60046F00881C4E /* TarotTopView.swift */,
			);
			path = Views;
			sourceTree = "<group>";
		};
		29C46C262B6006DF00881C4E /* DataModels */ = {
			isa = PBXGroup;
			children = (
				29C46C2B2B6007A400881C4E /* FireUser.swift */,
			);
			path = DataModels;
			sourceTree = "<group>";
		};
		29C46C272B6006EB00881C4E /* Views */ = {
			isa = PBXGroup;
			children = (
				29C46C712B601EC300881C4E /* AuthenticationView */,
				29C46C2D2B600AA500881C4E /* Components */,
			);
			path = Views;
			sourceTree = "<group>";
		};
		29C46C282B6006F200881C4E /* ViewModels */ = {
			isa = PBXGroup;
			children = (
				29C46C6F2B601E5600881C4E /* UserViewModel.swift */,
			);
			path = ViewModels;
			sourceTree = "<group>";
		};
		29C46C2A2B60075000881C4E /* Managers */ = {
			isa = PBXGroup;
			children = (
				29C46C6D2B601D6A00881C4E /* FirebaseManager.swift */,
			);
			path = Managers;
			sourceTree = "<group>";
		};
		29C46C2D2B600AA500881C4E /* Components */ = {
			isa = PBXGroup;
			children = (
				29C46C2E2B600AF600881C4E /* TextButton.swift */,
				29C46C302B600B6300881C4E /* PrimaryButton.swift */,
				29C46C742B601FD100881C4E /* LogoutButtonAlert.swift */,
				2965E5682BA23C2D0026256B /* LoginAnimation.swift */,
				2965E56A2BA23F1A0026256B /* LoginAnimTEST.swift */,
			);
			path = Components;
			sourceTree = "<group>";
		};
		29C46C6B2B60156F00881C4E /* Frameworks */ = {
			isa = PBXGroup;
			children = (
			);
			name = Frameworks;
			sourceTree = "<group>";
		};
		29C46C712B601EC300881C4E /* AuthenticationView */ = {
			isa = PBXGroup;
			children = (
				29C46C722B601EDF00881C4E /* AuthenticationMode.swift */,
				29C46C762B60204A00881C4E /* AuthenticationView.swift */,
			);
			path = AuthenticationView;
			sourceTree = "<group>";
		};
		29C46C802B60312500881C4E /* Components */ = {
			isa = PBXGroup;
			children = (
				29C46C812B60315600881C4E /* AddToFavoritesBTN.swift */,
				29C46C882B60329F00881C4E /* ShowFavBTN.swift */,
				295E6EB22B61BCA200C3B4D4 /* ShowFavListBTN.swift */,
				294F0E4F2B643E9C00764790 /* DateTodayView.swift */,
			);
			path = Components;
			sourceTree = "<group>";
		};
		29C46C832B6031F300881C4E /* DailyQuoteView */ = {
			isa = PBXGroup;
			children = (
				29C46C862B60323A00881C4E /* QuoteView.swift */,
				294F0E552B6588EB00764790 /* ApiCashQuoteItemView.swift */,
			);
			path = DailyQuoteView;
			sourceTree = "<group>";
		};
		29C46C842B60320200881C4E /* FavoriteQuotesView */ = {
			isa = PBXGroup;
			children = (
				29C46C8C2B60344500881C4E /* AllFQsListView.swift */,
				295E6EB02B61565500C3B4D4 /* OneFQItemView.swift */,
			);
			path = FavoriteQuotesView;
			sourceTree = "<group>";
		};
/* End PBXGroup section */

/* Begin PBXNativeTarget section */
		29C46C002B5FFFB500881C4E /* SpiritualTarot */ = {
			isa = PBXNativeTarget;
			buildConfigurationList = 29C46C0F2B5FFFB700881C4E /* Build configuration list for PBXNativeTarget "SpiritualTarot" */;
			buildPhases = (
				29C46BFD2B5FFFB500881C4E /* Sources */,
				29C46BFE2B5FFFB500881C4E /* Frameworks */,
				29C46BFF2B5FFFB500881C4E /* Resources */,
				29C46C6C2B60163600881C4E /* ShellScript */,
			);
			buildRules = (
			);
			dependencies = (
			);
			name = SpiritualTarot;
			packageProductDependencies = (
				29C46C352B6011F500881C4E /* FirebaseAnalytics */,
				29C46C372B6011F500881C4E /* FirebaseAnalyticsOnDeviceConversion */,
				29C46C392B6011F500881C4E /* FirebaseAnalyticsSwift */,
				29C46C3B2B6011F500881C4E /* FirebaseAnalyticsWithoutAdIdSupport */,
				29C46C3D2B6011F500881C4E /* FirebaseAppCheck */,
				29C46C3F2B6011F500881C4E /* FirebaseAppDistribution-Beta */,
				29C46C412B6011F500881C4E /* FirebaseAuth */,
				29C46C432B6011F500881C4E /* FirebaseAuthCombine-Community */,
				29C46C452B6011F500881C4E /* FirebaseCrashlytics */,
				29C46C472B6011F500881C4E /* FirebaseDatabase */,
				29C46C492B6011F500881C4E /* FirebaseDatabaseSwift */,
				29C46C4B2B6011F500881C4E /* FirebaseDynamicLinks */,
				29C46C4D2B6011F500881C4E /* FirebaseFirestore */,
				29C46C4F2B6011F500881C4E /* FirebaseFirestoreCombine-Community */,
				29C46C512B6011F500881C4E /* FirebaseFirestoreSwift */,
				29C46C532B6011F500881C4E /* FirebaseFunctions */,
				29C46C552B6011F500881C4E /* FirebaseFunctionsCombine-Community */,
				29C46C572B6011F500881C4E /* FirebaseInAppMessaging-Beta */,
				29C46C592B6011F500881C4E /* FirebaseInAppMessagingSwift-Beta */,
				29C46C5B2B6011F500881C4E /* FirebaseInstallations */,
				29C46C5D2B6011F500881C4E /* FirebaseMLModelDownloader */,
				29C46C5F2B6011F500881C4E /* FirebaseMessaging */,
				29C46C612B6011F500881C4E /* FirebasePerformance */,
				29C46C632B6011F500881C4E /* FirebaseRemoteConfig */,
				29C46C652B6011F500881C4E /* FirebaseRemoteConfigSwift */,
				29C46C672B6011F500881C4E /* FirebaseStorage */,
				29C46C692B6011F500881C4E /* FirebaseStorageCombine-Community */,
			);
			productName = SpiritualTarot;
			productReference = 29C46C012B5FFFB500881C4E /* SpiritualTarot.app */;
			productType = "com.apple.product-type.application";
		};
/* End PBXNativeTarget section */

/* Begin PBXProject section */
		29C46BF92B5FFFB500881C4E /* Project object */ = {
			isa = PBXProject;
			attributes = {
				BuildIndependentTargetsInParallel = 1;
				LastSwiftUpdateCheck = 1520;
				LastUpgradeCheck = 1520;
				TargetAttributes = {
					29C46C002B5FFFB500881C4E = {
						CreatedOnToolsVersion = 15.2;
					};
				};
			};
			buildConfigurationList = 29C46BFC2B5FFFB500881C4E /* Build configuration list for PBXProject "SpiritualTarot" */;
			compatibilityVersion = "Xcode 14.0";
			developmentRegion = en;
			hasScannedForEncodings = 0;
			knownRegions = (
				en,
				Base,
			);
			mainGroup = 29C46BF82B5FFFB500881C4E;
			packageReferences = (
				29C46C342B6011F500881C4E /* XCRemoteSwiftPackageReference "firebase-ios-sdk" */,
			);
			productRefGroup = 29C46C022B5FFFB500881C4E /* Products */;
			projectDirPath = "";
			projectRoot = "";
			targets = (
				29C46C002B5FFFB500881C4E /* SpiritualTarot */,
			);
		};
/* End PBXProject section */

/* Begin PBXResourcesBuildPhase section */
		29C46BFF2B5FFFB500881C4E /* Resources */ = {
			isa = PBXResourcesBuildPhase;
			buildActionMask = 2147483647;
			files = (
				29C46C0C2B5FFFB700881C4E /* Preview Assets.xcassets in Resources */,
				29C46C092B5FFFB700881C4E /* Assets.xcassets in Resources */,
				29C46C332B6010DA00881C4E /* GoogleService-Info.plist in Resources */,
			);
			runOnlyForDeploymentPostprocessing = 0;
		};
/* End PBXResourcesBuildPhase section */

/* Begin PBXShellScriptBuildPhase section */
		29C46C6C2B60163600881C4E /* ShellScript */ = {
			isa = PBXShellScriptBuildPhase;
			buildActionMask = 2147483647;
			files = (
			);
			inputFileListPaths = (
			);
			inputPaths = (
				"${DWARF_DSYM_FOLDER_PATH}/${DWARF_DSYM_FILE_NAME}",
				"${DWARF_DSYM_FOLDER_PATH}/${DWARF_DSYM_FILE_NAME}/Contents/Resources/DWARF/${PRODUCT_NAME}",
				"${DWARF_DSYM_FOLDER_PATH}/${DWARF_DSYM_FILE_NAME}/Contents/Info.plist",
				"$(TARGET_BUILD_DIR)/$(UNLOCALIZED_RESOURCES_FOLDER_PATH)/GoogleService-Info.plist",
				"$(TARGET_BUILD_DIR)/$(EXECUTABLE_PATH)",
			);
			outputFileListPaths = (
			);
			outputPaths = (
			);
			runOnlyForDeploymentPostprocessing = 0;
			shellPath = /bin/sh;
			shellScript = "# Type a script or drag a script file from your workspace to insert its path.\n\"${BUILD_DIR%/Build/*}/SourcePackages/checkouts/firebase-ios-sdk/Crashlytics/run\"\n";
		};
/* End PBXShellScriptBuildPhase section */

/* Begin PBXSourcesBuildPhase section */
		29C46BFD2B5FFFB500881C4E /* Sources */ = {
			isa = PBXSourcesBuildPhase;
			buildActionMask = 2147483647;
			files = (
				29A6DD6A2B7E4A0F00F6F06C /* MajorView.swift in Sources */,
				29C46C312B600B6300881C4E /* PrimaryButton.swift in Sources */,
				298A453C2B7D6D6B006F8A77 /* AllPathsTopView.swift in Sources */,
				29A6DD7D2B7EA69A00F6F06C /* ReadingDefaultBTN.swift in Sources */,
				29197BE72B7FEC9900B05C47 /* SavedSession.swift in Sources */,
				29C46C822B60315600881C4E /* AddToFavoritesBTN.swift in Sources */,
				298A451E2B7D536F006F8A77 /* CardFrontTurn.swift in Sources */,
				298A45332B7D5B12006F8A77 /* TransparentCardBTN.swift in Sources */,
				29197BE52B7FE91600B05C47 /* SavedSessionViewModel.swift in Sources */,
				29C46C702B601E5600881C4E /* UserViewModel.swift in Sources */,
				298A45302B7D5962006F8A77 /* SimplePathView.swift in Sources */,
				2933C69F2B825A23008D8182 /* AllPathsEnum.swift in Sources */,
				298A45412B7D70FE006F8A77 /* CardOfTheDayBTN.swift in Sources */,
				29C46C8F2B604AE500881C4E /* FavoriteQuote.swift in Sources */,
				29C46C752B601FD100881C4E /* LogoutButtonAlert.swift in Sources */,
				291B50AC2B876DB500A040BB /* BottomCurve.swift in Sources */,
				291B50A82B876D1B00A040BB /* TabEnum.swift in Sources */,
				29C46C172B60013900881C4E /* Tab.swift in Sources */,
				29C46C6E2B601D6A00881C4E /* FirebaseManager.swift in Sources */,
				298A45352B7D5B88006F8A77 /* ActionBTN.swift in Sources */,
				29C46C732B601EDF00881C4E /* AuthenticationMode.swift in Sources */,
				29C46C2C2B6007A400881C4E /* FireUser.swift in Sources */,
				29A6DD642B7E391F00F6F06C /* GreatPathView.swift in Sources */,
				294F0E562B6588EB00764790 /* ApiCashQuoteItemView.swift in Sources */,
				298A45172B7D4D0B006F8A77 /* DBManager.swift in Sources */,
				298A453F2B7D6F4D006F8A77 /* NavigationBTN.swift in Sources */,
				298A45462B7D7E20006F8A77 /* LittleCrossView.swift in Sources */,
				298A450E2B7D48A6006F8A77 /* TarotCardsRepo.swift in Sources */,
				294F0E502B643E9C00764790 /* DateTodayView.swift in Sources */,
				29EC8B442B83B50300E323A2 /* LittleCrossArchiveView.swift in Sources */,
				29C46C892B60329F00881C4E /* ShowFavBTN.swift in Sources */,
				29C46C872B60323A00881C4E /* QuoteView.swift in Sources */,
				298A452E2B7D5896006F8A77 /* CardSheetExplanation.swift in Sources */,
				298A45282B7D55F2006F8A77 /* CardBackTwist.swift in Sources */,
				298A450C2B7D4875006F8A77 /* TarotCard.swift in Sources */,
				29C46C1D2B6003ED00881C4E /* QuoteTopView.swift in Sources */,
				298F611E2B81408E00B5D4D7 /* SimplePathArchiveView.swift in Sources */,
				29197BEA2B80050B00B05C47 /* ArchivedSessionsListView.swift in Sources */,
				29C46C912B604C3E00881C4E /* FavoriteQuotesVM.swift in Sources */,
				29C46C2F2B600AF600881C4E /* TextButton.swift in Sources */,
				29C46C772B60204A00881C4E /* AuthenticationView.swift in Sources */,
				29C46C052B5FFFB500881C4E /* SpiritualTarotApp.swift in Sources */,
				298F61202B81548B00B5D4D7 /* ArchivedSessionView.swift in Sources */,
				291B50AA2B876D8B00A040BB /* MaterialEffect.swift in Sources */,
				295E6EB32B61BCA200C3B4D4 /* ShowFavListBTN.swift in Sources */,
				29EC8B462B83D68A00E323A2 /* LoveOracleArchiveView.swift in Sources */,
				298A452A2B7D56B0006F8A77 /* CardFlipTestView.swift in Sources */,
				295E6EB12B61565500C3B4D4 /* OneFQItemView.swift in Sources */,
				298A45372B7D5BD3006F8A77 /* InactiveBTN.swift in Sources */,
				298A45202B7D53C5006F8A77 /* CardBackTurn.swift in Sources */,
				29EC8B482B83DEBA00E323A2 /* GreatPathArchiveView.swift in Sources */,
				29A6DD6C2B7E4A1E00F6F06C /* CupsView.swift in Sources */,
				29C46C252B60053300881C4E /* NavigatorView.swift in Sources */,
				298A45262B7D5520006F8A77 /* CardBackTestView.swift in Sources */,
				298A45232B7D54C9006F8A77 /* CardFrontTestView.swift in Sources */,
				298A450A2B7D4858006F8A77 /* SuiteEnum.swift in Sources */,
				29C46C792B60293600881C4E /* Quote.swift in Sources */,
				29C46C7B2B60298600881C4E /* HTTPError.swift in Sources */,
				291B50A62B876CCA00A040BB /* AnimTabBar.swift in Sources */,
				298A452C2B7D57FC006F8A77 /* CardViewModelCoreDB.swift in Sources */,
				2965E56B2BA23F1A0026256B /* LoginAnimTEST.swift in Sources */,
				29A6DD722B7E4A9300F6F06C /* SwordsView.swift in Sources */,
				29C46C232B60046F00881C4E /* TarotTopView.swift in Sources */,
				29A6DD702B7E4A7600F6F06C /* CoinsView.swift in Sources */,
				29A6DD7A2B7EA29300F6F06C /* LoveOracleView.swift in Sources */,
				2965E5692BA23C2D0026256B /* LoginAnimation.swift in Sources */,
				298A45152B7D4BC7006F8A77 /* CardModel.xcdatamodeld in Sources */,
				29A6DD672B7E48B400F6F06C /* ArcanaTabsEnum.swift in Sources */,
				29A6DD6E2B7E4A4A00F6F06C /* WandsView.swift in Sources */,
				29A6DD5F2B7E26A400F6F06C /* TarotSchoolTopView.swift in Sources */,
				2978ACD52B7EBAFA0090C12D /* CardSheetBlank.swift in Sources */,
				29C46C7F2B6029F200881C4E /* QuotesViewModel.swift in Sources */,
				298A45102B7D4933006F8A77 /* Repo_TestView.swift in Sources */,
				29C46C8D2B60344500881C4E /* AllFQsListView.swift in Sources */,
			);
			runOnlyForDeploymentPostprocessing = 0;
		};
/* End PBXSourcesBuildPhase section */

/* Begin XCBuildConfiguration section */
		29C46C0D2B5FFFB700881C4E /* Debug */ = {
			isa = XCBuildConfiguration;
			buildSettings = {
				ALWAYS_SEARCH_USER_PATHS = NO;
				ASSETCATALOG_COMPILER_GENERATE_SWIFT_ASSET_SYMBOL_EXTENSIONS = YES;
				CLANG_ANALYZER_NONNULL = YES;
				CLANG_ANALYZER_NUMBER_OBJECT_CONVERSION = YES_AGGRESSIVE;
				CLANG_CXX_LANGUAGE_STANDARD = "gnu++20";
				CLANG_ENABLE_MODULES = YES;
				CLANG_ENABLE_OBJC_ARC = YES;
				CLANG_ENABLE_OBJC_WEAK = YES;
				CLANG_WARN_BLOCK_CAPTURE_AUTORELEASING = YES;
				CLANG_WARN_BOOL_CONVERSION = YES;
				CLANG_WARN_COMMA = YES;
				CLANG_WARN_CONSTANT_CONVERSION = YES;
				CLANG_WARN_DEPRECATED_OBJC_IMPLEMENTATIONS = YES;
				CLANG_WARN_DIRECT_OBJC_ISA_USAGE = YES_ERROR;
				CLANG_WARN_DOCUMENTATION_COMMENTS = YES;
				CLANG_WARN_EMPTY_BODY = YES;
				CLANG_WARN_ENUM_CONVERSION = YES;
				CLANG_WARN_INFINITE_RECURSION = YES;
				CLANG_WARN_INT_CONVERSION = YES;
				CLANG_WARN_NON_LITERAL_NULL_CONVERSION = YES;
				CLANG_WARN_OBJC_IMPLICIT_RETAIN_SELF = YES;
				CLANG_WARN_OBJC_LITERAL_CONVERSION = YES;
				CLANG_WARN_OBJC_ROOT_CLASS = YES_ERROR;
				CLANG_WARN_QUOTED_INCLUDE_IN_FRAMEWORK_HEADER = YES;
				CLANG_WARN_RANGE_LOOP_ANALYSIS = YES;
				CLANG_WARN_STRICT_PROTOTYPES = YES;
				CLANG_WARN_SUSPICIOUS_MOVE = YES;
				CLANG_WARN_UNGUARDED_AVAILABILITY = YES_AGGRESSIVE;
				CLANG_WARN_UNREACHABLE_CODE = YES;
				CLANG_WARN__DUPLICATE_METHOD_MATCH = YES;
				COPY_PHASE_STRIP = NO;
				DEBUG_INFORMATION_FORMAT = dwarf;
				ENABLE_STRICT_OBJC_MSGSEND = YES;
				ENABLE_TESTABILITY = YES;
				ENABLE_USER_SCRIPT_SANDBOXING = YES;
				GCC_C_LANGUAGE_STANDARD = gnu17;
				GCC_DYNAMIC_NO_PIC = NO;
				GCC_NO_COMMON_BLOCKS = YES;
				GCC_OPTIMIZATION_LEVEL = 0;
				GCC_PREPROCESSOR_DEFINITIONS = (
					"DEBUG=1",
					"$(inherited)",
				);
				GCC_WARN_64_TO_32_BIT_CONVERSION = YES;
				GCC_WARN_ABOUT_RETURN_TYPE = YES_ERROR;
				GCC_WARN_UNDECLARED_SELECTOR = YES;
				GCC_WARN_UNINITIALIZED_AUTOS = YES_AGGRESSIVE;
				GCC_WARN_UNUSED_FUNCTION = YES;
				GCC_WARN_UNUSED_VARIABLE = YES;
				IPHONEOS_DEPLOYMENT_TARGET = 17.2;
				LOCALIZATION_PREFERS_STRING_CATALOGS = YES;
				MTL_ENABLE_DEBUG_INFO = INCLUDE_SOURCE;
				MTL_FAST_MATH = YES;
				ONLY_ACTIVE_ARCH = YES;
				SDKROOT = iphoneos;
				SWIFT_ACTIVE_COMPILATION_CONDITIONS = "DEBUG $(inherited)";
				SWIFT_OPTIMIZATION_LEVEL = "-Onone";
			};
			name = Debug;
		};
		29C46C0E2B5FFFB700881C4E /* Release */ = {
			isa = XCBuildConfiguration;
			buildSettings = {
				ALWAYS_SEARCH_USER_PATHS = NO;
				ASSETCATALOG_COMPILER_GENERATE_SWIFT_ASSET_SYMBOL_EXTENSIONS = YES;
				CLANG_ANALYZER_NONNULL = YES;
				CLANG_ANALYZER_NUMBER_OBJECT_CONVERSION = YES_AGGRESSIVE;
				CLANG_CXX_LANGUAGE_STANDARD = "gnu++20";
				CLANG_ENABLE_MODULES = YES;
				CLANG_ENABLE_OBJC_ARC = YES;
				CLANG_ENABLE_OBJC_WEAK = YES;
				CLANG_WARN_BLOCK_CAPTURE_AUTORELEASING = YES;
				CLANG_WARN_BOOL_CONVERSION = YES;
				CLANG_WARN_COMMA = YES;
				CLANG_WARN_CONSTANT_CONVERSION = YES;
				CLANG_WARN_DEPRECATED_OBJC_IMPLEMENTATIONS = YES;
				CLANG_WARN_DIRECT_OBJC_ISA_USAGE = YES_ERROR;
				CLANG_WARN_DOCUMENTATION_COMMENTS = YES;
				CLANG_WARN_EMPTY_BODY = YES;
				CLANG_WARN_ENUM_CONVERSION = YES;
				CLANG_WARN_INFINITE_RECURSION = YES;
				CLANG_WARN_INT_CONVERSION = YES;
				CLANG_WARN_NON_LITERAL_NULL_CONVERSION = YES;
				CLANG_WARN_OBJC_IMPLICIT_RETAIN_SELF = YES;
				CLANG_WARN_OBJC_LITERAL_CONVERSION = YES;
				CLANG_WARN_OBJC_ROOT_CLASS = YES_ERROR;
				CLANG_WARN_QUOTED_INCLUDE_IN_FRAMEWORK_HEADER = YES;
				CLANG_WARN_RANGE_LOOP_ANALYSIS = YES;
				CLANG_WARN_STRICT_PROTOTYPES = YES;
				CLANG_WARN_SUSPICIOUS_MOVE = YES;
				CLANG_WARN_UNGUARDED_AVAILABILITY = YES_AGGRESSIVE;
				CLANG_WARN_UNREACHABLE_CODE = YES;
				CLANG_WARN__DUPLICATE_METHOD_MATCH = YES;
				COPY_PHASE_STRIP = NO;
				DEBUG_INFORMATION_FORMAT = "dwarf-with-dsym";
				ENABLE_NS_ASSERTIONS = NO;
				ENABLE_STRICT_OBJC_MSGSEND = YES;
				ENABLE_USER_SCRIPT_SANDBOXING = YES;
				GCC_C_LANGUAGE_STANDARD = gnu17;
				GCC_NO_COMMON_BLOCKS = YES;
				GCC_WARN_64_TO_32_BIT_CONVERSION = YES;
				GCC_WARN_ABOUT_RETURN_TYPE = YES_ERROR;
				GCC_WARN_UNDECLARED_SELECTOR = YES;
				GCC_WARN_UNINITIALIZED_AUTOS = YES_AGGRESSIVE;
				GCC_WARN_UNUSED_FUNCTION = YES;
				GCC_WARN_UNUSED_VARIABLE = YES;
				IPHONEOS_DEPLOYMENT_TARGET = 17.2;
				LOCALIZATION_PREFERS_STRING_CATALOGS = YES;
				MTL_ENABLE_DEBUG_INFO = NO;
				MTL_FAST_MATH = YES;
				SDKROOT = iphoneos;
				SWIFT_COMPILATION_MODE = wholemodule;
				VALIDATE_PRODUCT = YES;
			};
			name = Release;
		};
		29C46C102B5FFFB700881C4E /* Debug */ = {
			isa = XCBuildConfiguration;
			buildSettings = {
				ASSETCATALOG_COMPILER_APPICON_NAME = AppIcon;
				ASSETCATALOG_COMPILER_GLOBAL_ACCENT_COLOR_NAME = AccentColor;
				CODE_SIGN_STYLE = Automatic;
				CURRENT_PROJECT_VERSION = 1;
				DEBUG_INFORMATION_FORMAT = "dwarf-with-dsym";
				DEVELOPMENT_ASSET_PATHS = "\"SpiritualTarot/Preview Content\"";
				ENABLE_PREVIEWS = YES;
				GENERATE_INFOPLIST_FILE = YES;
				INFOPLIST_KEY_UIApplicationSceneManifest_Generation = YES;
				INFOPLIST_KEY_UIApplicationSupportsIndirectInputEvents = YES;
				INFOPLIST_KEY_UILaunchScreen_Generation = YES;
				INFOPLIST_KEY_UISupportedInterfaceOrientations_iPad = "UIInterfaceOrientationPortrait UIInterfaceOrientationPortraitUpsideDown UIInterfaceOrientationLandscapeLeft UIInterfaceOrientationLandscapeRight";
				INFOPLIST_KEY_UISupportedInterfaceOrientations_iPhone = "UIInterfaceOrientationPortrait UIInterfaceOrientationLandscapeLeft UIInterfaceOrientationLandscapeRight";
				LD_RUNPATH_SEARCH_PATHS = (
					"$(inherited)",
					"@executable_path/Frameworks",
				);
				MARKETING_VERSION = 1.0;
				PRODUCT_BUNDLE_IDENTIFIER = com.dragon.SpiritualTarot;
				PRODUCT_NAME = "$(TARGET_NAME)";
				SWIFT_EMIT_LOC_STRINGS = YES;
				SWIFT_VERSION = 5.0;
				TARGETED_DEVICE_FAMILY = "1,2";
			};
			name = Debug;
		};
		29C46C112B5FFFB700881C4E /* Release */ = {
			isa = XCBuildConfiguration;
			buildSettings = {
				ASSETCATALOG_COMPILER_APPICON_NAME = AppIcon;
				ASSETCATALOG_COMPILER_GLOBAL_ACCENT_COLOR_NAME = AccentColor;
				CODE_SIGN_STYLE = Automatic;
				CURRENT_PROJECT_VERSION = 1;
				DEVELOPMENT_ASSET_PATHS = "\"SpiritualTarot/Preview Content\"";
				ENABLE_PREVIEWS = YES;
				GENERATE_INFOPLIST_FILE = YES;
				INFOPLIST_KEY_UIApplicationSceneManifest_Generation = YES;
				INFOPLIST_KEY_UIApplicationSupportsIndirectInputEvents = YES;
				INFOPLIST_KEY_UILaunchScreen_Generation = YES;
				INFOPLIST_KEY_UISupportedInterfaceOrientations_iPad = "UIInterfaceOrientationPortrait UIInterfaceOrientationPortraitUpsideDown UIInterfaceOrientationLandscapeLeft UIInterfaceOrientationLandscapeRight";
				INFOPLIST_KEY_UISupportedInterfaceOrientations_iPhone = "UIInterfaceOrientationPortrait UIInterfaceOrientationLandscapeLeft UIInterfaceOrientationLandscapeRight";
				LD_RUNPATH_SEARCH_PATHS = (
					"$(inherited)",
					"@executable_path/Frameworks",
				);
				MARKETING_VERSION = 1.0;
				PRODUCT_BUNDLE_IDENTIFIER = com.dragon.SpiritualTarot;
				PRODUCT_NAME = "$(TARGET_NAME)";
				SWIFT_EMIT_LOC_STRINGS = YES;
				SWIFT_VERSION = 5.0;
				TARGETED_DEVICE_FAMILY = "1,2";
			};
			name = Release;
		};
/* End XCBuildConfiguration section */

/* Begin XCConfigurationList section */
		29C46BFC2B5FFFB500881C4E /* Build configuration list for PBXProject "SpiritualTarot" */ = {
			isa = XCConfigurationList;
			buildConfigurations = (
				29C46C0D2B5FFFB700881C4E /* Debug */,
				29C46C0E2B5FFFB700881C4E /* Release */,
			);
			defaultConfigurationIsVisible = 0;
			defaultConfigurationName = Release;
		};
		29C46C0F2B5FFFB700881C4E /* Build configuration list for PBXNativeTarget "SpiritualTarot" */ = {
			isa = XCConfigurationList;
			buildConfigurations = (
				29C46C102B5FFFB700881C4E /* Debug */,
				29C46C112B5FFFB700881C4E /* Release */,
			);
			defaultConfigurationIsVisible = 0;
			defaultConfigurationName = Release;
		};
/* End XCConfigurationList section */

/* Begin XCRemoteSwiftPackageReference section */
		29C46C342B6011F500881C4E /* XCRemoteSwiftPackageReference "firebase-ios-sdk" */ = {
			isa = XCRemoteSwiftPackageReference;
			repositoryURL = "https://github.com/firebase/firebase-ios-sdk";
			requirement = {
				kind = upToNextMajorVersion;
				minimumVersion = 10.20.0;
			};
		};
/* End XCRemoteSwiftPackageReference section */

/* Begin XCSwiftPackageProductDependency section */
		29C46C352B6011F500881C4E /* FirebaseAnalytics */ = {
			isa = XCSwiftPackageProductDependency;
			package = 29C46C342B6011F500881C4E /* XCRemoteSwiftPackageReference "firebase-ios-sdk" */;
			productName = FirebaseAnalytics;
		};
		29C46C372B6011F500881C4E /* FirebaseAnalyticsOnDeviceConversion */ = {
			isa = XCSwiftPackageProductDependency;
			package = 29C46C342B6011F500881C4E /* XCRemoteSwiftPackageReference "firebase-ios-sdk" */;
			productName = FirebaseAnalyticsOnDeviceConversion;
		};
		29C46C392B6011F500881C4E /* FirebaseAnalyticsSwift */ = {
			isa = XCSwiftPackageProductDependency;
			package = 29C46C342B6011F500881C4E /* XCRemoteSwiftPackageReference "firebase-ios-sdk" */;
			productName = FirebaseAnalyticsSwift;
		};
		29C46C3B2B6011F500881C4E /* FirebaseAnalyticsWithoutAdIdSupport */ = {
			isa = XCSwiftPackageProductDependency;
			package = 29C46C342B6011F500881C4E /* XCRemoteSwiftPackageReference "firebase-ios-sdk" */;
			productName = FirebaseAnalyticsWithoutAdIdSupport;
		};
		29C46C3D2B6011F500881C4E /* FirebaseAppCheck */ = {
			isa = XCSwiftPackageProductDependency;
			package = 29C46C342B6011F500881C4E /* XCRemoteSwiftPackageReference "firebase-ios-sdk" */;
			productName = FirebaseAppCheck;
		};
		29C46C3F2B6011F500881C4E /* FirebaseAppDistribution-Beta */ = {
			isa = XCSwiftPackageProductDependency;
			package = 29C46C342B6011F500881C4E /* XCRemoteSwiftPackageReference "firebase-ios-sdk" */;
			productName = "FirebaseAppDistribution-Beta";
		};
		29C46C412B6011F500881C4E /* FirebaseAuth */ = {
			isa = XCSwiftPackageProductDependency;
			package = 29C46C342B6011F500881C4E /* XCRemoteSwiftPackageReference "firebase-ios-sdk" */;
			productName = FirebaseAuth;
		};
		29C46C432B6011F500881C4E /* FirebaseAuthCombine-Community */ = {
			isa = XCSwiftPackageProductDependency;
			package = 29C46C342B6011F500881C4E /* XCRemoteSwiftPackageReference "firebase-ios-sdk" */;
			productName = "FirebaseAuthCombine-Community";
		};
		29C46C452B6011F500881C4E /* FirebaseCrashlytics */ = {
			isa = XCSwiftPackageProductDependency;
			package = 29C46C342B6011F500881C4E /* XCRemoteSwiftPackageReference "firebase-ios-sdk" */;
			productName = FirebaseCrashlytics;
		};
		29C46C472B6011F500881C4E /* FirebaseDatabase */ = {
			isa = XCSwiftPackageProductDependency;
			package = 29C46C342B6011F500881C4E /* XCRemoteSwiftPackageReference "firebase-ios-sdk" */;
			productName = FirebaseDatabase;
		};
		29C46C492B6011F500881C4E /* FirebaseDatabaseSwift */ = {
			isa = XCSwiftPackageProductDependency;
			package = 29C46C342B6011F500881C4E /* XCRemoteSwiftPackageReference "firebase-ios-sdk" */;
			productName = FirebaseDatabaseSwift;
		};
		29C46C4B2B6011F500881C4E /* FirebaseDynamicLinks */ = {
			isa = XCSwiftPackageProductDependency;
			package = 29C46C342B6011F500881C4E /* XCRemoteSwiftPackageReference "firebase-ios-sdk" */;
			productName = FirebaseDynamicLinks;
		};
		29C46C4D2B6011F500881C4E /* FirebaseFirestore */ = {
			isa = XCSwiftPackageProductDependency;
			package = 29C46C342B6011F500881C4E /* XCRemoteSwiftPackageReference "firebase-ios-sdk" */;
			productName = FirebaseFirestore;
		};
		29C46C4F2B6011F500881C4E /* FirebaseFirestoreCombine-Community */ = {
			isa = XCSwiftPackageProductDependency;
			package = 29C46C342B6011F500881C4E /* XCRemoteSwiftPackageReference "firebase-ios-sdk" */;
			productName = "FirebaseFirestoreCombine-Community";
		};
		29C46C512B6011F500881C4E /* FirebaseFirestoreSwift */ = {
			isa = XCSwiftPackageProductDependency;
			package = 29C46C342B6011F500881C4E /* XCRemoteSwiftPackageReference "firebase-ios-sdk" */;
			productName = FirebaseFirestoreSwift;
		};
		29C46C532B6011F500881C4E /* FirebaseFunctions */ = {
			isa = XCSwiftPackageProductDependency;
			package = 29C46C342B6011F500881C4E /* XCRemoteSwiftPackageReference "firebase-ios-sdk" */;
			productName = FirebaseFunctions;
		};
		29C46C552B6011F500881C4E /* FirebaseFunctionsCombine-Community */ = {
			isa = XCSwiftPackageProductDependency;
			package = 29C46C342B6011F500881C4E /* XCRemoteSwiftPackageReference "firebase-ios-sdk" */;
			productName = "FirebaseFunctionsCombine-Community";
		};
		29C46C572B6011F500881C4E /* FirebaseInAppMessaging-Beta */ = {
			isa = XCSwiftPackageProductDependency;
			package = 29C46C342B6011F500881C4E /* XCRemoteSwiftPackageReference "firebase-ios-sdk" */;
			productName = "FirebaseInAppMessaging-Beta";
		};
		29C46C592B6011F500881C4E /* FirebaseInAppMessagingSwift-Beta */ = {
			isa = XCSwiftPackageProductDependency;
			package = 29C46C342B6011F500881C4E /* XCRemoteSwiftPackageReference "firebase-ios-sdk" */;
			productName = "FirebaseInAppMessagingSwift-Beta";
		};
		29C46C5B2B6011F500881C4E /* FirebaseInstallations */ = {
			isa = XCSwiftPackageProductDependency;
			package = 29C46C342B6011F500881C4E /* XCRemoteSwiftPackageReference "firebase-ios-sdk" */;
			productName = FirebaseInstallations;
		};
		29C46C5D2B6011F500881C4E /* FirebaseMLModelDownloader */ = {
			isa = XCSwiftPackageProductDependency;
			package = 29C46C342B6011F500881C4E /* XCRemoteSwiftPackageReference "firebase-ios-sdk" */;
			productName = FirebaseMLModelDownloader;
		};
		29C46C5F2B6011F500881C4E /* FirebaseMessaging */ = {
			isa = XCSwiftPackageProductDependency;
			package = 29C46C342B6011F500881C4E /* XCRemoteSwiftPackageReference "firebase-ios-sdk" */;
			productName = FirebaseMessaging;
		};
		29C46C612B6011F500881C4E /* FirebasePerformance */ = {
			isa = XCSwiftPackageProductDependency;
			package = 29C46C342B6011F500881C4E /* XCRemoteSwiftPackageReference "firebase-ios-sdk" */;
			productName = FirebasePerformance;
		};
		29C46C632B6011F500881C4E /* FirebaseRemoteConfig */ = {
			isa = XCSwiftPackageProductDependency;
			package = 29C46C342B6011F500881C4E /* XCRemoteSwiftPackageReference "firebase-ios-sdk" */;
			productName = FirebaseRemoteConfig;
		};
		29C46C652B6011F500881C4E /* FirebaseRemoteConfigSwift */ = {
			isa = XCSwiftPackageProductDependency;
			package = 29C46C342B6011F500881C4E /* XCRemoteSwiftPackageReference "firebase-ios-sdk" */;
			productName = FirebaseRemoteConfigSwift;
		};
		29C46C672B6011F500881C4E /* FirebaseStorage */ = {
			isa = XCSwiftPackageProductDependency;
			package = 29C46C342B6011F500881C4E /* XCRemoteSwiftPackageReference "firebase-ios-sdk" */;
			productName = FirebaseStorage;
		};
		29C46C692B6011F500881C4E /* FirebaseStorageCombine-Community */ = {
			isa = XCSwiftPackageProductDependency;
			package = 29C46C342B6011F500881C4E /* XCRemoteSwiftPackageReference "firebase-ios-sdk" */;
			productName = "FirebaseStorageCombine-Community";
		};
/* End XCSwiftPackageProductDependency section */

/* Begin XCVersionGroup section */
		298A45132B7D4BC7006F8A77 /* CardModel.xcdatamodeld */ = {
			isa = XCVersionGroup;
			children = (
				298A45142B7D4BC7006F8A77 /* CardModel.xcdatamodel */,
			);
			currentVersion = 298A45142B7D4BC7006F8A77 /* CardModel.xcdatamodel */;
			path = CardModel.xcdatamodeld;
			sourceTree = "<group>";
			versionGroupType = wrapper.xcdatamodel;
		};
/* End XCVersionGroup section */
	};
	rootObject = 29C46BF92B5FFFB500881C4E /* Project object */;
}
